
Microsoft Visual Studio Solution File, Format Version 12.00
# Visual Studio Express 15 for Windows Desktop
VisualStudioVersion = 15.0.28307.1433
MinimumVisualStudioVersion = 10.0.40219.1
Project("{FAE04EC0-301F-11D3-BF4B-00C04F79EFBC}") = "Dio.Series", "Dio.Series\Dio.Series.csproj", "{45CA92A7-65BA-44E6-949C-7E7A1D1762F6}"
EndProject
Global
	GlobalSection(SolutionConfigurationPlatforms) = preSolution
		Debug|Any CPU = Debug|Any CPU
		Release|Any CPU = Release|Any CPU
	EndGlobalSection
	GlobalSection(ProjectConfigurationPlatforms) = postSolution
		{45CA92A7-65BA-44E6-949C-7E7A1D1762F6}.Debug|Any CPU.ActiveCfg = Debug|Any CPU
		{45CA92A7-65BA-44E6-949C-7E7A1D1762F6}.Debug|Any CPU.Build.0 = Debug|Any CPU
		{45CA92A7-65BA-44E6-949C-7E7A1D1762F6}.Release|Any CPU.ActiveCfg = Release|Any CPU
		{45CA92A7-65BA-44E6-949C-7E7A1D1762F6}.Release|Any CPU.Build.0 = Release|Any CPU
	EndGlobalSection
	GlobalSection(SolutionProperties) = preSolution
		HideSolutionNode = FALSE
	EndGlobalSection
	GlobalSection(ExtensibilityGlobals) = postSolution
		SolutionGuid = {37FF6CFF-AB5A-43C6-9FE3-B3BD7C4F4B3F}
	EndGlobalSection
EndGlobal
